{
    "_readme": [
        "This file locks the dependencies of your project to a known state",
        "Read more about it at https://getcomposer.org/doc/01-basic-usage.md#installing-dependencies",
        "This file is @generated automatically"
    ],
    "content-hash": "d28e8ee9519a590b8aae4ddbb44d0bb9",
    "packages": [
        {
            "name": "z38/metzli",
            "version": "v1.1.0",
            "source": {
                "type": "git",
                "url": "https://github.com/z38/metzli.git",
                "reference": "ff8e22c492d02ba33dce8c039ffc6733cb877f63"
            },
            "dist": {
                "type": "zip",
                "url": "https://api.github.com/repos/z38/metzli/zipball/ff8e22c492d02ba33dce8c039ffc6733cb877f63",
                "reference": "ff8e22c492d02ba33dce8c039ffc6733cb877f63",
                "shasum": ""
            },
            "require": {
                "php": ">=5.6.0"
            },
            "require-dev": {
                "phpunit/phpunit": "~5 || ~7",
                "setasign/fpdf": "^1.8"
            },
            "type": "library",
            "autoload": {
                "psr-0": {
                    "Metzli": "src/"
                }
            },
            "notification-url": "https://packagist.org/downloads/",
            "license": [
                "Apache-2.0"
            ],
            "authors": [
                {
                    "name": "z38",
                    "homepage": "https://github.com/z38",
                    "role": "Developer"
                }
            ],
            "description": "PHP library to generate Aztec barcodes",
            "homepage": "https://github.com/z38/metzli",
            "keywords": [
                "2d-barcode",
                "aztec",
                "barcode",
                "library"
            ],
            "time": "2018-05-14T08:34:22+00:00"
        }
    ],
    "packages-dev": [],
    "aliases": [],
    "minimum-stability": "stable",
    "stability-flags": [],
    "prefer-stable": false,
    "prefer-lowest": false,
    "platform": {
        "ext-mysqli": "*"
    },
    "platform-dev": []
}
